
Microsoft Visual Studio Solution File, Format Version 12.00
# Visual Studio Version 17
VisualStudioVersion = 17.5.33530.505
MinimumVisualStudioVersion = 10.0.40219.1
Project("{9A19103F-16F7-4668-BE54-9A1E7A4F7556}") = "DungeonLibrary", "DungeonApp2\DungeonLibrary.csproj", "{FCCC97FA-3909-46CA-8F00-078A16EC5E3C}"
EndProject
Project("{9A19103F-16F7-4668-BE54-9A1E7A4F7556}") = "MonsterHunting", "MonsterHunting\MonsterHunting.csproj", "{E44822FC-E4C6-4D84-8650-CB8C2C94A65C}"
EndProject
Project("{FAE04EC0-301F-11D3-BF4B-00C04F79EFBC}") = "MonsterLibrary", "MonsterLibrary\MonsterLibrary.csproj", "{69CEE3F7-6EC0-434B-B44C-E3122B03F014}"
EndProject
Global
	GlobalSection(SolutionConfigurationPlatforms) = preSolution
		Debug|Any CPU = Debug|Any CPU
		Release|Any CPU = Release|Any CPU
	EndGlobalSection
	GlobalSection(ProjectConfigurationPlatforms) = postSolution
		{FCCC97FA-3909-46CA-8F00-078A16EC5E3C}.Debug|Any CPU.ActiveCfg = Debug|Any CPU
		{FCCC97FA-3909-46CA-8F00-078A16EC5E3C}.Debug|Any CPU.Build.0 = Debug|Any CPU
		{FCCC97FA-3909-46CA-8F00-078A16EC5E3C}.Release|Any CPU.ActiveCfg = Release|Any CPU
		{FCCC97FA-3909-46CA-8F00-078A16EC5E3C}.Release|Any CPU.Build.0 = Release|Any CPU
		{E44822FC-E4C6-4D84-8650-CB8C2C94A65C}.Debug|Any CPU.ActiveCfg = Debug|Any CPU
		{E44822FC-E4C6-4D84-8650-CB8C2C94A65C}.Debug|Any CPU.Build.0 = Debug|Any CPU
		{E44822FC-E4C6-4D84-8650-CB8C2C94A65C}.Release|Any CPU.ActiveCfg = Release|Any CPU
		{E44822FC-E4C6-4D84-8650-CB8C2C94A65C}.Release|Any CPU.Build.0 = Release|Any CPU
		{69CEE3F7-6EC0-434B-B44C-E3122B03F014}.Debug|Any CPU.ActiveCfg = Debug|Any CPU
		{69CEE3F7-6EC0-434B-B44C-E3122B03F014}.Debug|Any CPU.Build.0 = Debug|Any CPU
		{69CEE3F7-6EC0-434B-B44C-E3122B03F014}.Release|Any CPU.ActiveCfg = Release|Any CPU
		{69CEE3F7-6EC0-434B-B44C-E3122B03F014}.Release|Any CPU.Build.0 = Release|Any CPU
	EndGlobalSection
	GlobalSection(SolutionProperties) = preSolution
		HideSolutionNode = FALSE
	EndGlobalSection
	GlobalSection(ExtensibilityGlobals) = postSolution
		SolutionGuid = {2CEC553A-1EE0-4072-92A2-9228F42CC71B}
	EndGlobalSection
EndGlobal
